
Microsoft Visual Studio Solution File, Format Version 12.00
# Visual Studio Version 17
VisualStudioVersion = 17.9.34607.119
MinimumVisualStudioVersion = 10.0.40219.1
Project("{8BC9CEB8-8B4A-11D0-8D11-00A0C91BC942}") = "Constructor_0174", "Constructor_0174\Constructor_0174.vcxproj", "{8FC4E915-A9A6-47F9-A46F-F89458583DD4}"
EndProject
Project("{8BC9CEB8-8B4A-11D0-8D11-00A0C91BC942}") = "Constructor(2)_0174", "Constructor(2)_0174\Constructor(2)_0174.vcxproj", "{2172AC7E-76E0-4D1E-BA16-50FDD6082DD4}"
EndProject
Project("{8BC9CEB8-8B4A-11D0-8D11-00A0C91BC942}") = "Constructor(3)_0174", "Constructor(3)_0174\Constructor(3)_0174.vcxproj", "{06D02E7D-B073-449A-B823-D9159DFFFE87}"
EndProject
Project("{8BC9CEB8-8B4A-11D0-8D11-00A0C91BC942}") = "Constructor(4)_0174", "Constructor(4)_0174\Constructor(4)_0174.vcxproj", "{266FC5C7-C77C-417A-A61C-A025DE8EE98E}"
EndProject
Project("{8BC9CEB8-8B4A-11D0-8D11-00A0C91BC942}") = "Constructor(5)_0174", "Constructor(5)_0174\Constructor(5)_0174.vcxproj", "{DE56987B-62F6-4422-9B44-1844E8FAE5E6}"
EndProject
Global
	GlobalSection(SolutionConfigurationPlatforms) = preSolution
		Debug|x64 = Debug|x64
		Debug|x86 = Debug|x86
		Release|x64 = Release|x64
		Release|x86 = Release|x86
	EndGlobalSection
	GlobalSection(ProjectConfigurationPlatforms) = postSolution
		{8FC4E915-A9A6-47F9-A46F-F89458583DD4}.Debug|x64.ActiveCfg = Debug|x64
		{8FC4E915-A9A6-47F9-A46F-F89458583DD4}.Debug|x64.Build.0 = Debug|x64
		{8FC4E915-A9A6-47F9-A46F-F89458583DD4}.Debug|x86.ActiveCfg = Debug|Win32
		{8FC4E915-A9A6-47F9-A46F-F89458583DD4}.Debug|x86.Build.0 = Debug|Win32
		{8FC4E915-A9A6-47F9-A46F-F89458583DD4}.Release|x64.ActiveCfg = Release|x64
		{8FC4E915-A9A6-47F9-A46F-F89458583DD4}.Release|x64.Build.0 = Release|x64
		{8FC4E915-A9A6-47F9-A46F-F89458583DD4}.Release|x86.ActiveCfg = Release|Win32
		{8FC4E915-A9A6-47F9-A46F-F89458583DD4}.Release|x86.Build.0 = Release|Win32
		{2172AC7E-76E0-4D1E-BA16-50FDD6082DD4}.Debug|x64.ActiveCfg = Debug|x64
		{2172AC7E-76E0-4D1E-BA16-50FDD6082DD4}.Debug|x64.Build.0 = Debug|x64
		{2172AC7E-76E0-4D1E-BA16-50FDD6082DD4}.Debug|x86.ActiveCfg = Debug|Win32
		{2172AC7E-76E0-4D1E-BA16-50FDD6082DD4}.Debug|x86.Build.0 = Debug|Win32
		{2172AC7E-76E0-4D1E-BA16-50FDD6082DD4}.Release|x64.ActiveCfg = Release|x64
		{2172AC7E-76E0-4D1E-BA16-50FDD6082DD4}.Release|x64.Build.0 = Release|x64
		{2172AC7E-76E0-4D1E-BA16-50FDD6082DD4}.Release|x86.ActiveCfg = Release|Win32
		{2172AC7E-76E0-4D1E-BA16-50FDD6082DD4}.Release|x86.Build.0 = Release|Win32
		{06D02E7D-B073-449A-B823-D9159DFFFE87}.Debug|x64.ActiveCfg = Debug|x64
		{06D02E7D-B073-449A-B823-D9159DFFFE87}.Debug|x64.Build.0 = Debug|x64
		{06D02E7D-B073-449A-B823-D9159DFFFE87}.Debug|x86.ActiveCfg = Debug|Win32
		{06D02E7D-B073-449A-B823-D9159DFFFE87}.Debug|x86.Build.0 = Debug|Win32
		{06D02E7D-B073-449A-B823-D9159DFFFE87}.Release|x64.ActiveCfg = Release|x64
		{06D02E7D-B073-449A-B823-D9159DFFFE87}.Release|x64.Build.0 = Release|x64
		{06D02E7D-B073-449A-B823-D9159DFFFE87}.Release|x86.ActiveCfg = Release|Win32
		{06D02E7D-B073-449A-B823-D9159DFFFE87}.Release|x86.Build.0 = Release|Win32
		{266FC5C7-C77C-417A-A61C-A025DE8EE98E}.Debug|x64.ActiveCfg = Debug|x64
		{266FC5C7-C77C-417A-A61C-A025DE8EE98E}.Debug|x64.Build.0 = Debug|x64
		{266FC5C7-C77C-417A-A61C-A025DE8EE98E}.Debug|x86.ActiveCfg = Debug|Win32
		{266FC5C7-C77C-417A-A61C-A025DE8EE98E}.Debug|x86.Build.0 = Debug|Win32
		{266FC5C7-C77C-417A-A61C-A025DE8EE98E}.Release|x64.ActiveCfg = Release|x64
		{266FC5C7-C77C-417A-A61C-A025DE8EE98E}.Release|x64.Build.0 = Release|x64
		{266FC5C7-C77C-417A-A61C-A025DE8EE98E}.Release|x86.ActiveCfg = Release|Win32
		{266FC5C7-C77C-417A-A61C-A025DE8EE98E}.Release|x86.Build.0 = Release|Win32
		{DE56987B-62F6-4422-9B44-1844E8FAE5E6}.Debug|x64.ActiveCfg = Debug|x64
		{DE56987B-62F6-4422-9B44-1844E8FAE5E6}.Debug|x64.Build.0 = Debug|x64
		{DE56987B-62F6-4422-9B44-1844E8FAE5E6}.Debug|x86.ActiveCfg = Debug|Win32
		{DE56987B-62F6-4422-9B44-1844E8FAE5E6}.Debug|x86.Build.0 = Debug|Win32
		{DE56987B-62F6-4422-9B44-1844E8FAE5E6}.Release|x64.ActiveCfg = Release|x64
		{DE56987B-62F6-4422-9B44-1844E8FAE5E6}.Release|x64.Build.0 = Release|x64
		{DE56987B-62F6-4422-9B44-1844E8FAE5E6}.Release|x86.ActiveCfg = Release|Win32
		{DE56987B-62F6-4422-9B44-1844E8FAE5E6}.Release|x86.Build.0 = Release|Win32
	EndGlobalSection
	GlobalSection(SolutionProperties) = preSolution
		HideSolutionNode = FALSE
	EndGlobalSection
	GlobalSection(ExtensibilityGlobals) = postSolution
		SolutionGuid = {71DE2BC6-DB06-4F2B-8998-78D21B89421C}
	EndGlobalSection
EndGlobal
